// !$*UTF8*$!
{
	archiveVersion = 1;
	classes = {
	};
	objectVersion = 46;
	objects = {

/* Begin PBXBuildFile section */
		7668C7A61EBA7BBA009830F1 /* AppDelegate.swift in Sources */ = {isa = PBXBuildFile; fileRef = 7668C7A51EBA7BBA009830F1 /* AppDelegate.swift */; };
		7668C7A81EBA7BBA009830F1 /* ViewController.swift in Sources */ = {isa = PBXBuildFile; fileRef = 7668C7A71EBA7BBA009830F1 /* ViewController.swift */; };
		7668C7AB1EBA7BBA009830F1 /* Main.storyboard in Resources */ = {isa = PBXBuildFile; fileRef = 7668C7A91EBA7BBA009830F1 /* Main.storyboard */; };
		7668C7AD1EBA7BBA009830F1 /* Assets.xcassets in Resources */ = {isa = PBXBuildFile; fileRef = 7668C7AC1EBA7BBA009830F1 /* Assets.xcassets */; };
		7668C7B01EBA7BBA009830F1 /* LaunchScreen.storyboard in Resources */ = {isa = PBXBuildFile; fileRef = 7668C7AE1EBA7BBA009830F1 /* LaunchScreen.storyboard */; };
		7668C7B91EBA7D9C009830F1 /* CoreBluetooth.framework in Frameworks */ = {isa = PBXBuildFile; fileRef = 7668C7B81EBA7D9C009830F1 /* CoreBluetooth.framework */; };
		7668C7BB1EBB8410009830F1 /* BLEManager.swift in Sources */ = {isa = PBXBuildFile; fileRef = 7668C7BA1EBB8410009830F1 /* BLEManager.swift */; };
		7668C7BD1EBBA158009830F1 /* Notifications.swift in Sources */ = {isa = PBXBuildFile; fileRef = 7668C7BC1EBBA158009830F1 /* Notifications.swift */; };
/* End PBXBuildFile section */

/* Begin PBXFileReference section */
		7668C7A21EBA7BBA009830F1 /* eSpark.app */ = {isa = PBXFileReference; explicitFileType = wrapper.application; includeInIndex = 0; path = eSpark.app; sourceTree = BUILT_PRODUCTS_DIR; };
		7668C7A51EBA7BBA009830F1 /* AppDelegate.swift */ = {isa = PBXFileReference; lastKnownFileType = sourcecode.swift; path = AppDelegate.swift; sourceTree = "<group>"; };
		7668C7A71EBA7BBA009830F1 /* ViewController.swift */ = {isa = PBXFileReference; lastKnownFileType = sourcecode.swift; path = ViewController.swift; sourceTree = "<group>"; };
		7668C7AA1EBA7BBA009830F1 /* Base */ = {isa = PBXFileReference; lastKnownFileType = file.storyboard; name = Base; path = Base.lproj/Main.storyboard; sourceTree = "<group>"; };
		7668C7AC1EBA7BBA009830F1 /* Assets.xcassets */ = {isa = PBXFileReference; lastKnownFileType = folder.assetcatalog; path = Assets.xcassets; sourceTree = "<group>"; };
		7668C7AF1EBA7BBA009830F1 /* Base */ = {isa = PBXFileReference; lastKnownFileType = file.storyboard; name = Base; path = Base.lproj/LaunchScreen.storyboard; sourceTree = "<group>"; };
		7668C7B11EBA7BBA009830F1 /* Info.plist */ = {isa = PBXFileReference; lastKnownFileType = text.plist.xml; path = Info.plist; sourceTree = "<group>"; };
		7668C7B81EBA7D9C009830F1 /* CoreBluetooth.framework */ = {isa = PBXFileReference; lastKnownFileType = wrapper.framework; name = CoreBluetooth.framework; path = System/Library/Frameworks/CoreBluetooth.framework; sourceTree = SDKROOT; };
		7668C7BA1EBB8410009830F1 /* BLEManager.swift */ = {isa = PBXFileReference; fileEncoding = 4; lastKnownFileType = sourcecode.swift; path = BLEManager.swift; sourceTree = "<group>"; };
		7668C7BC1EBBA158009830F1 /* Notifications.swift */ = {isa = PBXFileReference; fileEncoding = 4; lastKnownFileType = sourcecode.swift; path = Notifications.swift; sourceTree = "<group>"; };
/* End PBXFileReference section */

/* Begin PBXFrameworksBuildPhase section */
		7668C79F1EBA7BBA009830F1 /* Frameworks */ = {
			isa = PBXFrameworksBuildPhase;
			buildActionMask = 2147483647;
			files = (
				7668C7B91EBA7D9C009830F1 /* CoreBluetooth.framework in Frameworks */,
			);
			runOnlyForDeploymentPostprocessing = 0;
		};
/* End PBXFrameworksBuildPhase section */

/* Begin PBXGroup section */
		7668C7991EBA7BBA009830F1 = {
			isa = PBXGroup;
			children = (
				7668C7A41EBA7BBA009830F1 /* eSpark */,
				7668C7A31EBA7BBA009830F1 /* Products */,
				7668C7B71EBA7D9B009830F1 /* Frameworks */,
			);
			sourceTree = "<group>";
		};
		7668C7A31EBA7BBA009830F1 /* Products */ = {
			isa = PBXGroup;
			children = (
				7668C7A21EBA7BBA009830F1 /* eSpark.app */,
			);
			name = Products;
			sourceTree = "<group>";
		};
		7668C7A41EBA7BBA009830F1 /* eSpark */ = {
			isa = PBXGroup;
			children = (
				7668C7A51EBA7BBA009830F1 /* AppDelegate.swift */,
				7668C7A71EBA7BBA009830F1 /* ViewController.swift */,
				7668C7BA1EBB8410009830F1 /* BLEManager.swift */,
				7668C7A91EBA7BBA009830F1 /* Main.storyboard */,
				7668C7AC1EBA7BBA009830F1 /* Assets.xcassets */,
				7668C7AE1EBA7BBA009830F1 /* LaunchScreen.storyboard */,
				7668C7B11EBA7BBA009830F1 /* Info.plist */,
				7668C7BC1EBBA158009830F1 /* Notifications.swift */,
			);
			path = eSpark;
			sourceTree = "<group>";
		};
		7668C7B71EBA7D9B009830F1 /* Frameworks */ = {
			isa = PBXGroup;
			children = (
				7668C7B81EBA7D9C009830F1 /* CoreBluetooth.framework */,
			);
			name = Frameworks;
			sourceTree = "<group>";
		};
/* End PBXGroup section */

/* Begin PBXNativeTarget section */
		7668C7A11EBA7BBA009830F1 /* eSpark */ = {
			isa = PBXNativeTarget;
			buildConfigurationList = 7668C7B41EBA7BBA009830F1 /* Build configuration list for PBXNativeTarget "eSpark" */;
			buildPhases = (
				7668C79E1EBA7BBA009830F1 /* Sources */,
				7668C79F1EBA7BBA009830F1 /* Frameworks */,
				7668C7A01EBA7BBA009830F1 /* Resources */,
			);
			buildRules = (
			);
			dependencies = (
			);
			name = eSpark;
			productName = eSpark;
			productReference = 7668C7A21EBA7BBA009830F1 /* eSpark.app */;
			productType = "com.apple.product-type.application";
		};
/* End PBXNativeTarget section */

/* Begin PBXProject section */
		7668C79A1EBA7BBA009830F1 /* Project object */ = {
			isa = PBXProject;
			attributes = {
				LastSwiftUpdateCheck = 0830;
				LastUpgradeCheck = 0830;
				ORGANIZATIONNAME = "Ale MQ";
				TargetAttributes = {
					7668C7A11EBA7BBA009830F1 = {
						CreatedOnToolsVersion = 8.3.2;
						DevelopmentTeam = ACASJCYD88;
						ProvisioningStyle = Automatic;
					};
				};
			};
			buildConfigurationList = 7668C79D1EBA7BBA009830F1 /* Build configuration list for PBXProject "eSpark" */;
			compatibilityVersion = "Xcode 3.2";
			developmentRegion = English;
			hasScannedForEncodings = 0;
			knownRegions = (
				en,
				Base,
			);
			mainGroup = 7668C7991EBA7BBA009830F1;
			productRefGroup = 7668C7A31EBA7BBA009830F1 /* Products */;
			projectDirPath = "";
			projectRoot = "";
			targets = (
				7668C7A11EBA7BBA009830F1 /* eSpark */,
			);
		};
/* End PBXProject section */

/* Begin PBXResourcesBuildPhase section */
		7668C7A01EBA7BBA009830F1 /* Resources */ = {
			isa = PBXResourcesBuildPhase;
			buildActionMask = 2147483647;
			files = (
				7668C7B01EBA7BBA009830F1 /* LaunchScreen.storyboard in Resources */,
				7668C7AD1EBA7BBA009830F1 /* Assets.xcassets in Resources */,
				7668C7AB1EBA7BBA009830F1 /* Main.storyboard in Resources */,
			);
			runOnlyForDeploymentPostprocessing = 0;
		};
/* End PBXResourcesBuildPhase section */

/* Begin PBXSourcesBuildPhase section */
		7668C79E1EBA7BBA009830F1 /* Sources */ = {
			isa = PBXSourcesBuildPhase;
			buildActionMask = 2147483647;
			files = (
				7668C7BD1EBBA158009830F1 /* Notifications.swift in Sources */,
				7668C7A81EBA7BBA009830F1 /* ViewController.swift in Sources */,
				7668C7BB1EBB8410009830F1 /* BLEManager.swift in Sources */,
				7668C7A61EBA7BBA009830F1 /* AppDelegate.swift in Sources */,
			);
			runOnlyForDeploymentPostprocessing = 0;
		};
/* End PBXSourcesBuildPhase section */

/* Begin PBXVariantGroup section */
		7668C7A91EBA7BBA009830F1 /* Main.storyboard */ = {
			isa = PBXVariantGroup;
			children = (
				7668C7AA1EBA7BBA009830F1 /* Base */,
			);
			name = Main.storyboard;
			sourceTree = "<group>";
		};
		7668C7AE1EBA7BBA009830F1 /* LaunchScreen.storyboard */ = {
			isa = PBXVariantGroup;
			children = (
				7668C7AF1EBA7BBA009830F1 /* Base */,
			);
			name = LaunchScreen.storyboard;
			sourceTree = "<group>";
		};
/* End PBXVariantGroup section */

/* Begin XCBuildConfiguration section */
		7668C7B21EBA7BBA009830F1 /* Debug */ = {
			isa = XCBuildConfiguration;
			buildSettings = {
				ALWAYS_SEARCH_USER_PATHS = NO;
				CLANG_ANALYZER_NONNULL = YES;
				CLANG_ANALYZER_NUMBER_OBJECT_CONVERSION = YES_AGGRESSIVE;
				CLANG_CXX_LANGUAGE_STANDARD = "gnu++0x";
				CLANG_CXX_LIBRARY = "libc++";
				CLANG_ENABLE_MODULES = YES;
				CLANG_ENABLE_OBJC_ARC = YES;
				CLANG_WARN_BOOL_CONVERSION = YES;
				CLANG_WARN_CONSTANT_CONVERSION = YES;
				CLANG_WARN_DIRECT_OBJC_ISA_USAGE = YES_ERROR;
				CLANG_WARN_DOCUMENTATION_COMMENTS = YES;
				CLANG_WARN_EMPTY_BODY = YES;
				CLANG_WARN_ENUM_CONVERSION = YES;
				CLANG_WARN_INFINITE_RECURSION = YES;
				CLANG_WARN_INT_CONVERSION = YES;
				CLANG_WARN_OBJC_ROOT_CLASS = YES_ERROR;
				CLANG_WARN_SUSPICIOUS_MOVE = YES;
				CLANG_WARN_UNREACHABLE_CODE = YES;
				CLANG_WARN__DUPLICATE_METHOD_MATCH = YES;
				"CODE_SIGN_IDENTITY[sdk=iphoneos*]" = "iPhone Developer";
				COPY_PHASE_STRIP = NO;
				DEBUG_INFORMATION_FORMAT = dwarf;
				ENABLE_STRICT_OBJC_MSGSEND = YES;
				ENABLE_TESTABILITY = YES;
				GCC_C_LANGUAGE_STANDARD = gnu99;
				GCC_DYNAMIC_NO_PIC = NO;
				GCC_NO_COMMON_BLOCKS = YES;
				GCC_OPTIMIZATION_LEVEL = 0;
				GCC_PREPROCESSOR_DEFINITIONS = (
					"DEBUG=1",
					"$(inherited)",
				);
				GCC_WARN_64_TO_32_BIT_CONVERSION = YES;
				GCC_WARN_ABOUT_RETURN_TYPE = YES_ERROR;
				GCC_WARN_UNDECLARED_SELECTOR = YES;
				GCC_WARN_UNINITIALIZED_AUTOS = YES_AGGRESSIVE;
				GCC_WARN_UNUSED_FUNCTION = YES;
				GCC_WARN_UNUSED_VARIABLE = YES;
				IPHONEOS_DEPLOYMENT_TARGET = 10.3;
				MTL_ENABLE_DEBUG_INFO = YES;
				ONLY_ACTIVE_ARCH = YES;
				SDKROOT = iphoneos;
				SWIFT_ACTIVE_COMPILATION_CONDITIONS = DEBUG;
				SWIFT_OPTIMIZATION_LEVEL = "-Onone";
			};
			name = Debug;
		};
		7668C7B31EBA7BBA009830F1 /* Release */ = {
			isa = XCBuildConfiguration;
			buildSettings = {
				ALWAYS_SEARCH_USER_PATHS = NO;
				CLANG_ANALYZER_NONNULL = YES;
				CLANG_ANALYZER_NUMBER_OBJECT_CONVERSION = YES_AGGRESSIVE;
				CLANG_CXX_LANGUAGE_STANDARD = "gnu++0x";
				CLANG_CXX_LIBRARY = "libc++";
				CLANG_ENABLE_MODULES = YES;
				CLANG_ENABLE_OBJC_ARC = YES;
				CLANG_WARN_BOOL_CONVERSION = YES;
				CLANG_WARN_CONSTANT_CONVERSION = YES;
				CLANG_WARN_DIRECT_OBJC_ISA_USAGE = YES_ERROR;
				CLANG_WARN_DOCUMENTATION_COMMENTS = YES;
				CLANG_WARN_EMPTY_BODY = YES;
				CLANG_WARN_ENUM_CONVERSION = YES;
				CLANG_WARN_INFINITE_RECURSION = YES;
				CLANG_WARN_INT_CONVERSION = YES;
				CLANG_WARN_OBJC_ROOT_CLASS = YES_ERROR;
				CLANG_WARN_SUSPICIOUS_MOVE = YES;
				CLANG_WARN_UNREACHABLE_CODE = YES;
				CLANG_WARN__DUPLICATE_METHOD_MATCH = YES;
				"CODE_SIGN_IDENTITY[sdk=iphoneos*]" = "iPhone Developer";
				COPY_PHASE_STRIP = NO;
				DEBUG_INFORMATION_FORMAT = "dwarf-with-dsym";
				ENABLE_NS_ASSERTIONS = NO;
				ENABLE_STRICT_OBJC_MSGSEND = YES;
				GCC_C_LANGUAGE_STANDARD = gnu99;
				GCC_NO_COMMON_BLOCKS = YES;
				GCC_WARN_64_TO_32_BIT_CONVERSION = YES;
				GCC_WARN_ABOUT_RETURN_TYPE = YES_ERROR;
				GCC_WARN_UNDECLARED_SELECTOR = YES;
				GCC_WARN_UNINITIALIZED_AUTOS = YES_AGGRESSIVE;
				GCC_WARN_UNUSED_FUNCTION = YES;
				GCC_WARN_UNUSED_VARIABLE = YES;
				IPHONEOS_DEPLOYMENT_TARGET = 10.3;
				MTL_ENABLE_DEBUG_INFO = NO;
				SDKROOT = iphoneos;
				SWIFT_OPTIMIZATION_LEVEL = "-Owholemodule";
				VALIDATE_PRODUCT = YES;
			};
			name = Release;
		};
		7668C7B51EBA7BBA009830F1 /* Debug */ = {
			isa = XCBuildConfiguration;
			buildSettings = {
				ASSETCATALOG_COMPILER_APPICON_NAME = AppIcon;
				DEVELOPMENT_TEAM = ACASJCYD88;
				INFOPLIST_FILE = eSpark/Info.plist;
				IPHONEOS_DEPLOYMENT_TARGET = 10.3;
				LD_RUNPATH_SEARCH_PATHS = "$(inherited) @executable_path/Frameworks";
				PRODUCT_BUNDLE_IDENTIFIER = com.inquiet.eSpark;
				PRODUCT_NAME = "$(TARGET_NAME)";
				SWIFT_VERSION = 3.0;
			};
			name = Debug;
		};
		7668C7B61EBA7BBA009830F1 /* Release */ = {
			isa = XCBuildConfiguration;
			buildSettings = {
				ASSETCATALOG_COMPILER_APPICON_NAME = AppIcon;
				DEVELOPMENT_TEAM = ACASJCYD88;
				INFOPLIST_FILE = eSpark/Info.plist;
				IPHONEOS_DEPLOYMENT_TARGET = 10.3;
				LD_RUNPATH_SEARCH_PATHS = "$(inherited) @executable_path/Frameworks";
				PRODUCT_BUNDLE_IDENTIFIER = com.inquiet.eSpark;
				PRODUCT_NAME = "$(TARGET_NAME)";
				SWIFT_VERSION = 3.0;
			};
			name = Release;
		};
/* End XCBuildConfiguration section */

/* Begin XCConfigurationList section */
		7668C79D1EBA7BBA009830F1 /* Build configuration list for PBXProject "eSpark" */ = {
			isa = XCConfigurationList;
			buildConfigurations = (
				7668C7B21EBA7BBA009830F1 /* Debug */,
				7668C7B31EBA7BBA009830F1 /* Release */,
			);
			defaultConfigurationIsVisible = 0;
			defaultConfigurationName = Release;
		};
		7668C7B41EBA7BBA009830F1 /* Build configuration list for PBXNativeTarget "eSpark" */ = {
			isa = XCConfigurationList;
			buildConfigurations = (
				7668C7B51EBA7BBA009830F1 /* Debug */,
				7668C7B61EBA7BBA009830F1 /* Release */,
			);
			defaultConfigurationIsVisible = 0;
		};
/* End XCConfigurationList section */
	};
	rootObject = 7668C79A1EBA7BBA009830F1 /* Project object */;
}
